// !$*UTF8*$!
{
	archiveVersion = 1;
	classes = {
	};
	objectVersion = 55;
	objects = {

/* Begin PBXBuildFile section */
		0F11F4D1F4EDF61D87BC875A /* Pods_Friends_QuizApp.framework in Frameworks */ = {isa = PBXBuildFile; fileRef = AD08056D6A86D687B335CAB8 /* Pods_Friends_QuizApp.framework */; };
		AB0627C82839147E00488712 /* GoogleService-Info.plist in Resources */ = {isa = PBXBuildFile; fileRef = AB0627C72839147E00488712 /* GoogleService-Info.plist */; };
		AB0627CA28391A6400488712 /* Constants.swift in Sources */ = {isa = PBXBuildFile; fileRef = AB0627C928391A6400488712 /* Constants.swift */; };
		AB0627CC2839326100488712 /* Question.swift in Sources */ = {isa = PBXBuildFile; fileRef = AB0627CB2839326100488712 /* Question.swift */; };
		AB0627CF28393F4E00488712 /* GameManager.swift in Sources */ = {isa = PBXBuildFile; fileRef = AB0627CE28393F4E00488712 /* GameManager.swift */; };
		AB4274F928356B2000DA9033 /* AppDelegate.swift in Sources */ = {isa = PBXBuildFile; fileRef = AB4274F828356B2000DA9033 /* AppDelegate.swift */; };
		AB4274FB28356B2000DA9033 /* SceneDelegate.swift in Sources */ = {isa = PBXBuildFile; fileRef = AB4274FA28356B2000DA9033 /* SceneDelegate.swift */; };
		AB4274FD28356B2000DA9033 /* HomeViewController.swift in Sources */ = {isa = PBXBuildFile; fileRef = AB4274FC28356B2000DA9033 /* HomeViewController.swift */; };
		AB42750028356B2000DA9033 /* Main.storyboard in Resources */ = {isa = PBXBuildFile; fileRef = AB4274FE28356B2000DA9033 /* Main.storyboard */; };
		AB42750228356B2400DA9033 /* Assets.xcassets in Resources */ = {isa = PBXBuildFile; fileRef = AB42750128356B2400DA9033 /* Assets.xcassets */; };
		AB42750528356B2400DA9033 /* LaunchScreen.storyboard in Resources */ = {isa = PBXBuildFile; fileRef = AB42750328356B2400DA9033 /* LaunchScreen.storyboard */; };
		AB4275102836C40800DA9033 /* GameViewController.swift in Sources */ = {isa = PBXBuildFile; fileRef = AB42750F2836C40800DA9033 /* GameViewController.swift */; };
		AB4275122837564800DA9033 /* ResultViewController.swift in Sources */ = {isa = PBXBuildFile; fileRef = AB4275112837564800DA9033 /* ResultViewController.swift */; };
/* End PBXBuildFile section */

/* Begin PBXFileReference section */
		1179B7B2239B1A166E70E0BD /* Pods-Friends QuizApp.release.xcconfig */ = {isa = PBXFileReference; includeInIndex = 1; lastKnownFileType = text.xcconfig; name = "Pods-Friends QuizApp.release.xcconfig"; path = "Target Support Files/Pods-Friends QuizApp/Pods-Friends QuizApp.release.xcconfig"; sourceTree = "<group>"; };
		1BE5744F76047224BEACD385 /* Pods-Friends QuizApp.debug.xcconfig */ = {isa = PBXFileReference; includeInIndex = 1; lastKnownFileType = text.xcconfig; name = "Pods-Friends QuizApp.debug.xcconfig"; path = "Target Support Files/Pods-Friends QuizApp/Pods-Friends QuizApp.debug.xcconfig"; sourceTree = "<group>"; };
		AB0627C72839147E00488712 /* GoogleService-Info.plist */ = {isa = PBXFileReference; fileEncoding = 4; lastKnownFileType = text.plist.xml; path = "GoogleService-Info.plist"; sourceTree = "<group>"; };
		AB0627C928391A6400488712 /* Constants.swift */ = {isa = PBXFileReference; lastKnownFileType = sourcecode.swift; path = Constants.swift; sourceTree = "<group>"; };
		AB0627CB2839326100488712 /* Question.swift */ = {isa = PBXFileReference; lastKnownFileType = sourcecode.swift; path = Question.swift; sourceTree = "<group>"; };
		AB0627CE28393F4E00488712 /* GameManager.swift */ = {isa = PBXFileReference; lastKnownFileType = sourcecode.swift; path = GameManager.swift; sourceTree = "<group>"; };
		AB4274F528356B2000DA9033 /* Friends QuizApp.app */ = {isa = PBXFileReference; explicitFileType = wrapper.application; includeInIndex = 0; path = "Friends QuizApp.app"; sourceTree = BUILT_PRODUCTS_DIR; };
		AB4274F828356B2000DA9033 /* AppDelegate.swift */ = {isa = PBXFileReference; lastKnownFileType = sourcecode.swift; path = AppDelegate.swift; sourceTree = "<group>"; };
		AB4274FA28356B2000DA9033 /* SceneDelegate.swift */ = {isa = PBXFileReference; lastKnownFileType = sourcecode.swift; path = SceneDelegate.swift; sourceTree = "<group>"; };
		AB4274FC28356B2000DA9033 /* HomeViewController.swift */ = {isa = PBXFileReference; lastKnownFileType = sourcecode.swift; path = HomeViewController.swift; sourceTree = "<group>"; };
		AB4274FF28356B2000DA9033 /* Base */ = {isa = PBXFileReference; lastKnownFileType = file.storyboard; name = Base; path = Base.lproj/Main.storyboard; sourceTree = "<group>"; };
		AB42750128356B2400DA9033 /* Assets.xcassets */ = {isa = PBXFileReference; lastKnownFileType = folder.assetcatalog; path = Assets.xcassets; sourceTree = "<group>"; };
		AB42750428356B2400DA9033 /* Base */ = {isa = PBXFileReference; lastKnownFileType = file.storyboard; name = Base; path = Base.lproj/LaunchScreen.storyboard; sourceTree = "<group>"; };
		AB42750628356B2400DA9033 /* Info.plist */ = {isa = PBXFileReference; lastKnownFileType = text.plist.xml; path = Info.plist; sourceTree = "<group>"; };
		AB42750F2836C40800DA9033 /* GameViewController.swift */ = {isa = PBXFileReference; lastKnownFileType = sourcecode.swift; path = GameViewController.swift; sourceTree = "<group>"; };
		AB4275112837564800DA9033 /* ResultViewController.swift */ = {isa = PBXFileReference; lastKnownFileType = sourcecode.swift; path = ResultViewController.swift; sourceTree = "<group>"; };
		AD08056D6A86D687B335CAB8 /* Pods_Friends_QuizApp.framework */ = {isa = PBXFileReference; explicitFileType = wrapper.framework; includeInIndex = 0; path = Pods_Friends_QuizApp.framework; sourceTree = BUILT_PRODUCTS_DIR; };
/* End PBXFileReference section */

/* Begin PBXFrameworksBuildPhase section */
		AB4274F228356B2000DA9033 /* Frameworks */ = {
			isa = PBXFrameworksBuildPhase;
			buildActionMask = 2147483647;
			files = (
				0F11F4D1F4EDF61D87BC875A /* Pods_Friends_QuizApp.framework in Frameworks */,
			);
			runOnlyForDeploymentPostprocessing = 0;
		};
/* End PBXFrameworksBuildPhase section */

/* Begin PBXGroup section */
		AB4274EC28356B2000DA9033 = {
			isa = PBXGroup;
			children = (
				AB4274F728356B2000DA9033 /* Friends QuizApp */,
				AB4274F628356B2000DA9033 /* Products */,
				C19941C09AEC19699F8B92D2 /* Pods */,
				F76421279CC8F6511CD5BC06 /* Frameworks */,
			);
			sourceTree = "<group>";
		};
		AB4274F628356B2000DA9033 /* Products */ = {
			isa = PBXGroup;
			children = (
				AB4274F528356B2000DA9033 /* Friends QuizApp.app */,
			);
			name = Products;
			sourceTree = "<group>";
		};
		AB4274F728356B2000DA9033 /* Friends QuizApp */ = {
			isa = PBXGroup;
			children = (
				AB4274F828356B2000DA9033 /* AppDelegate.swift */,
				AB4274FA28356B2000DA9033 /* SceneDelegate.swift */,
				AB42750E2836C30F00DA9033 /* Model */,
				AB42750C28356B4200DA9033 /* View */,
				AB42750D28356BAD00DA9033 /* Controller */,
				AB42750128356B2400DA9033 /* Assets.xcassets */,
				AB42750328356B2400DA9033 /* LaunchScreen.storyboard */,
				AB42750628356B2400DA9033 /* Info.plist */,
				AB0627C72839147E00488712 /* GoogleService-Info.plist */,
				AB0627C928391A6400488712 /* Constants.swift */,
			);
			path = "Friends QuizApp";
			sourceTree = "<group>";
		};
		AB42750C28356B4200DA9033 /* View */ = {
			isa = PBXGroup;
			children = (
				AB4274FE28356B2000DA9033 /* Main.storyboard */,
			);
			path = View;
			sourceTree = "<group>";
		};
		AB42750D28356BAD00DA9033 /* Controller */ = {
			isa = PBXGroup;
			children = (
				AB4274FC28356B2000DA9033 /* HomeViewController.swift */,
				AB42750F2836C40800DA9033 /* GameViewController.swift */,
				AB4275112837564800DA9033 /* ResultViewController.swift */,
			);
			path = Controller;
			sourceTree = "<group>";
		};
		AB42750E2836C30F00DA9033 /* Model */ = {
			isa = PBXGroup;
			children = (
				AB0627CB2839326100488712 /* Question.swift */,
				AB0627CE28393F4E00488712 /* GameManager.swift */,
			);
			path = Model;
			sourceTree = "<group>";
		};
		C19941C09AEC19699F8B92D2 /* Pods */ = {
			isa = PBXGroup;
			children = (
				1BE5744F76047224BEACD385 /* Pods-Friends QuizApp.debug.xcconfig */,
				1179B7B2239B1A166E70E0BD /* Pods-Friends QuizApp.release.xcconfig */,
			);
			path = Pods;
			sourceTree = "<group>";
		};
		F76421279CC8F6511CD5BC06 /* Frameworks */ = {
			isa = PBXGroup;
			children = (
				AD08056D6A86D687B335CAB8 /* Pods_Friends_QuizApp.framework */,
			);
			name = Frameworks;
			sourceTree = "<group>";
		};
/* End PBXGroup section */

/* Begin PBXNativeTarget section */
		AB4274F428356B2000DA9033 /* Friends QuizApp */ = {
			isa = PBXNativeTarget;
			buildConfigurationList = AB42750928356B2400DA9033 /* Build configuration list for PBXNativeTarget "Friends QuizApp" */;
			buildPhases = (
				A65D4117B6A7A7F6C76F4686 /* [CP] Check Pods Manifest.lock */,
				AB4274F128356B2000DA9033 /* Sources */,
				AB4274F228356B2000DA9033 /* Frameworks */,
				AB4274F328356B2000DA9033 /* Resources */,
				EAF96E23AB4AC1E5571B390A /* [CP] Embed Pods Frameworks */,
			);
			buildRules = (
			);
			dependencies = (
			);
			name = "Friends QuizApp";
			productName = "Friends QuizApp";
			productReference = AB4274F528356B2000DA9033 /* Friends QuizApp.app */;
			productType = "com.apple.product-type.application";
		};
/* End PBXNativeTarget section */

/* Begin PBXProject section */
		AB4274ED28356B2000DA9033 /* Project object */ = {
			isa = PBXProject;
			attributes = {
				BuildIndependentTargetsInParallel = 1;
				LastSwiftUpdateCheck = 1330;
				LastUpgradeCheck = 1330;
				TargetAttributes = {
					AB4274F428356B2000DA9033 = {
						CreatedOnToolsVersion = 13.3.1;
					};
				};
			};
			buildConfigurationList = AB4274F028356B2000DA9033 /* Build configuration list for PBXProject "Friends QuizApp" */;
			compatibilityVersion = "Xcode 13.0";
			developmentRegion = en;
			hasScannedForEncodings = 0;
			knownRegions = (
				en,
				Base,
			);
			mainGroup = AB4274EC28356B2000DA9033;
			productRefGroup = AB4274F628356B2000DA9033 /* Products */;
			projectDirPath = "";
			projectRoot = "";
			targets = (
				AB4274F428356B2000DA9033 /* Friends QuizApp */,
			);
		};
/* End PBXProject section */

/* Begin PBXResourcesBuildPhase section */
		AB4274F328356B2000DA9033 /* Resources */ = {
			isa = PBXResourcesBuildPhase;
			buildActionMask = 2147483647;
			files = (
				AB42750528356B2400DA9033 /* LaunchScreen.storyboard in Resources */,
				AB0627C82839147E00488712 /* GoogleService-Info.plist in Resources */,
				AB42750228356B2400DA9033 /* Assets.xcassets in Resources */,
				AB42750028356B2000DA9033 /* Main.storyboard in Resources */,
			);
			runOnlyForDeploymentPostprocessing = 0;
		};
/* End PBXResourcesBuildPhase section */

/* Begin PBXShellScriptBuildPhase section */
		A65D4117B6A7A7F6C76F4686 /* [CP] Check Pods Manifest.lock */ = {
			isa = PBXShellScriptBuildPhase;
			buildActionMask = 2147483647;
			files = (
			);
			inputFileListPaths = (
			);
			inputPaths = (
				"${PODS_PODFILE_DIR_PATH}/Podfile.lock",
				"${PODS_ROOT}/Manifest.lock",
			);
			name = "[CP] Check Pods Manifest.lock";
			outputFileListPaths = (
			);
			outputPaths = (
				"$(DERIVED_FILE_DIR)/Pods-Friends QuizApp-checkManifestLockResult.txt",
			);
			runOnlyForDeploymentPostprocessing = 0;
			shellPath = /bin/sh;
			shellScript = "diff \"${PODS_PODFILE_DIR_PATH}/Podfile.lock\" \"${PODS_ROOT}/Manifest.lock\" > /dev/null\nif [ $? != 0 ] ; then\n    # print error to STDERR\n    echo \"error: The sandbox is not in sync with the Podfile.lock. Run 'pod install' or update your CocoaPods installation.\" >&2\n    exit 1\nfi\n# This output is used by Xcode 'outputs' to avoid re-running this script phase.\necho \"SUCCESS\" > \"${SCRIPT_OUTPUT_FILE_0}\"\n";
			showEnvVarsInLog = 0;
		};
		EAF96E23AB4AC1E5571B390A /* [CP] Embed Pods Frameworks */ = {
			isa = PBXShellScriptBuildPhase;
			buildActionMask = 2147483647;
			files = (
			);
			inputFileListPaths = (
				"${PODS_ROOT}/Target Support Files/Pods-Friends QuizApp/Pods-Friends QuizApp-frameworks-${CONFIGURATION}-input-files.xcfilelist",
			);
			name = "[CP] Embed Pods Frameworks";
			outputFileListPaths = (
				"${PODS_ROOT}/Target Support Files/Pods-Friends QuizApp/Pods-Friends QuizApp-frameworks-${CONFIGURATION}-output-files.xcfilelist",
			);
			runOnlyForDeploymentPostprocessing = 0;
			shellPath = /bin/sh;
			shellScript = "\"${PODS_ROOT}/Target Support Files/Pods-Friends QuizApp/Pods-Friends QuizApp-frameworks.sh\"\n";
			showEnvVarsInLog = 0;
		};
/* End PBXShellScriptBuildPhase section */

/* Begin PBXSourcesBuildPhase section */
		AB4274F128356B2000DA9033 /* Sources */ = {
			isa = PBXSourcesBuildPhase;
			buildActionMask = 2147483647;
			files = (
				AB4275122837564800DA9033 /* ResultViewController.swift in Sources */,
				AB0627CF28393F4E00488712 /* GameManager.swift in Sources */,
				AB4275102836C40800DA9033 /* GameViewController.swift in Sources */,
				AB4274FD28356B2000DA9033 /* HomeViewController.swift in Sources */,
				AB4274F928356B2000DA9033 /* AppDelegate.swift in Sources */,
				AB4274FB28356B2000DA9033 /* SceneDelegate.swift in Sources */,
				AB0627CC2839326100488712 /* Question.swift in Sources */,
				AB0627CA28391A6400488712 /* Constants.swift in Sources */,
			);
			runOnlyForDeploymentPostprocessing = 0;
		};
/* End PBXSourcesBuildPhase section */

/* Begin PBXVariantGroup section */
		AB4274FE28356B2000DA9033 /* Main.storyboard */ = {
			isa = PBXVariantGroup;
			children = (
				AB4274FF28356B2000DA9033 /* Base */,
			);
			name = Main.storyboard;
			sourceTree = "<group>";
		};
		AB42750328356B2400DA9033 /* LaunchScreen.storyboard */ = {
			isa = PBXVariantGroup;
			children = (
				AB42750428356B2400DA9033 /* Base */,
			);
			name = LaunchScreen.storyboard;
			sourceTree = "<group>";
		};
/* End PBXVariantGroup section */

/* Begin XCBuildConfiguration section */
		AB42750728356B2400DA9033 /* Debug */ = {
			isa = XCBuildConfiguration;
			buildSettings = {
				ALWAYS_SEARCH_USER_PATHS = NO;
				CLANG_ANALYZER_NONNULL = YES;
				CLANG_ANALYZER_NUMBER_OBJECT_CONVERSION = YES_AGGRESSIVE;
				CLANG_CXX_LANGUAGE_STANDARD = "gnu++17";
				CLANG_ENABLE_MODULES = YES;
				CLANG_ENABLE_OBJC_ARC = YES;
				CLANG_ENABLE_OBJC_WEAK = YES;
				CLANG_WARN_BLOCK_CAPTURE_AUTORELEASING = YES;
				CLANG_WARN_BOOL_CONVERSION = YES;
				CLANG_WARN_COMMA = YES;
				CLANG_WARN_CONSTANT_CONVERSION = YES;
				CLANG_WARN_DEPRECATED_OBJC_IMPLEMENTATIONS = YES;
				CLANG_WARN_DIRECT_OBJC_ISA_USAGE = YES_ERROR;
				CLANG_WARN_DOCUMENTATION_COMMENTS = YES;
				CLANG_WARN_EMPTY_BODY = YES;
				CLANG_WARN_ENUM_CONVERSION = YES;
				CLANG_WARN_INFINITE_RECURSION = YES;
				CLANG_WARN_INT_CONVERSION = YES;
				CLANG_WARN_NON_LITERAL_NULL_CONVERSION = YES;
				CLANG_WARN_OBJC_IMPLICIT_RETAIN_SELF = YES;
				CLANG_WARN_OBJC_LITERAL_CONVERSION = YES;
				CLANG_WARN_OBJC_ROOT_CLASS = YES_ERROR;
				CLANG_WARN_QUOTED_INCLUDE_IN_FRAMEWORK_HEADER = YES;
				CLANG_WARN_RANGE_LOOP_ANALYSIS = YES;
				CLANG_WARN_STRICT_PROTOTYPES = YES;
				CLANG_WARN_SUSPICIOUS_MOVE = YES;
				CLANG_WARN_UNGUARDED_AVAILABILITY = YES_AGGRESSIVE;
				CLANG_WARN_UNREACHABLE_CODE = YES;
				CLANG_WARN__DUPLICATE_METHOD_MATCH = YES;
				COPY_PHASE_STRIP = NO;
				DEBUG_INFORMATION_FORMAT = dwarf;
				ENABLE_STRICT_OBJC_MSGSEND = YES;
				ENABLE_TESTABILITY = YES;
				GCC_C_LANGUAGE_STANDARD = gnu11;
				GCC_DYNAMIC_NO_PIC = NO;
				GCC_NO_COMMON_BLOCKS = YES;
				GCC_OPTIMIZATION_LEVEL = 0;
				GCC_PREPROCESSOR_DEFINITIONS = (
					"DEBUG=1",
					"$(inherited)",
				);
				GCC_WARN_64_TO_32_BIT_CONVERSION = YES;
				GCC_WARN_ABOUT_RETURN_TYPE = YES_ERROR;
				GCC_WARN_UNDECLARED_SELECTOR = YES;
				GCC_WARN_UNINITIALIZED_AUTOS = YES_AGGRESSIVE;
				GCC_WARN_UNUSED_FUNCTION = YES;
				GCC_WARN_UNUSED_VARIABLE = YES;
				IPHONEOS_DEPLOYMENT_TARGET = 15.4;
				MTL_ENABLE_DEBUG_INFO = INCLUDE_SOURCE;
				MTL_FAST_MATH = YES;
				ONLY_ACTIVE_ARCH = YES;
				SDKROOT = iphoneos;
				SWIFT_ACTIVE_COMPILATION_CONDITIONS = DEBUG;
				SWIFT_OPTIMIZATION_LEVEL = "-Onone";
			};
			name = Debug;
		};
		AB42750828356B2400DA9033 /* Release */ = {
			isa = XCBuildConfiguration;
			buildSettings = {
				ALWAYS_SEARCH_USER_PATHS = NO;
				CLANG_ANALYZER_NONNULL = YES;
				CLANG_ANALYZER_NUMBER_OBJECT_CONVERSION = YES_AGGRESSIVE;
				CLANG_CXX_LANGUAGE_STANDARD = "gnu++17";
				CLANG_ENABLE_MODULES = YES;
				CLANG_ENABLE_OBJC_ARC = YES;
				CLANG_ENABLE_OBJC_WEAK = YES;
				CLANG_WARN_BLOCK_CAPTURE_AUTORELEASING = YES;
				CLANG_WARN_BOOL_CONVERSION = YES;
				CLANG_WARN_COMMA = YES;
				CLANG_WARN_CONSTANT_CONVERSION = YES;
				CLANG_WARN_DEPRECATED_OBJC_IMPLEMENTATIONS = YES;
				CLANG_WARN_DIRECT_OBJC_ISA_USAGE = YES_ERROR;
				CLANG_WARN_DOCUMENTATION_COMMENTS = YES;
				CLANG_WARN_EMPTY_BODY = YES;
				CLANG_WARN_ENUM_CONVERSION = YES;
				CLANG_WARN_INFINITE_RECURSION = YES;
				CLANG_WARN_INT_CONVERSION = YES;
				CLANG_WARN_NON_LITERAL_NULL_CONVERSION = YES;
				CLANG_WARN_OBJC_IMPLICIT_RETAIN_SELF = YES;
				CLANG_WARN_OBJC_LITERAL_CONVERSION = YES;
				CLANG_WARN_OBJC_ROOT_CLASS = YES_ERROR;
				CLANG_WARN_QUOTED_INCLUDE_IN_FRAMEWORK_HEADER = YES;
				CLANG_WARN_RANGE_LOOP_ANALYSIS = YES;
				CLANG_WARN_STRICT_PROTOTYPES = YES;
				CLANG_WARN_SUSPICIOUS_MOVE = YES;
				CLANG_WARN_UNGUARDED_AVAILABILITY = YES_AGGRESSIVE;
				CLANG_WARN_UNREACHABLE_CODE = YES;
				CLANG_WARN__DUPLICATE_METHOD_MATCH = YES;
				COPY_PHASE_STRIP = NO;
				DEBUG_INFORMATION_FORMAT = "dwarf-with-dsym";
				ENABLE_NS_ASSERTIONS = NO;
				ENABLE_STRICT_OBJC_MSGSEND = YES;
				GCC_C_LANGUAGE_STANDARD = gnu11;
				GCC_NO_COMMON_BLOCKS = YES;
				GCC_WARN_64_TO_32_BIT_CONVERSION = YES;
				GCC_WARN_ABOUT_RETURN_TYPE = YES_ERROR;
				GCC_WARN_UNDECLARED_SELECTOR = YES;
				GCC_WARN_UNINITIALIZED_AUTOS = YES_AGGRESSIVE;
				GCC_WARN_UNUSED_FUNCTION = YES;
				GCC_WARN_UNUSED_VARIABLE = YES;
				IPHONEOS_DEPLOYMENT_TARGET = 15.4;
				MTL_ENABLE_DEBUG_INFO = NO;
				MTL_FAST_MATH = YES;
				SDKROOT = iphoneos;
				SWIFT_COMPILATION_MODE = wholemodule;
				SWIFT_OPTIMIZATION_LEVEL = "-O";
				VALIDATE_PRODUCT = YES;
			};
			name = Release;
		};
		AB42750A28356B2400DA9033 /* Debug */ = {
			isa = XCBuildConfiguration;
			baseConfigurationReference = 1BE5744F76047224BEACD385 /* Pods-Friends QuizApp.debug.xcconfig */;
			buildSettings = {
				ASSETCATALOG_COMPILER_APPICON_NAME = AppIcon;
				ASSETCATALOG_COMPILER_GLOBAL_ACCENT_COLOR_NAME = AccentColor;
				CODE_SIGN_STYLE = Automatic;
				CURRENT_PROJECT_VERSION = 1;
				DEVELOPMENT_TEAM = CJ5XJV3C6G;
				GENERATE_INFOPLIST_FILE = YES;
				INFOPLIST_FILE = "Friends QuizApp/Info.plist";
				INFOPLIST_KEY_UIApplicationSupportsIndirectInputEvents = YES;
				INFOPLIST_KEY_UILaunchStoryboardName = LaunchScreen;
				INFOPLIST_KEY_UIMainStoryboardFile = Main;
				INFOPLIST_KEY_UISupportedInterfaceOrientations_iPad = "UIInterfaceOrientationPortrait UIInterfaceOrientationPortraitUpsideDown UIInterfaceOrientationLandscapeLeft UIInterfaceOrientationLandscapeRight";
				INFOPLIST_KEY_UISupportedInterfaceOrientations_iPhone = "UIInterfaceOrientationPortrait UIInterfaceOrientationLandscapeLeft UIInterfaceOrientationLandscapeRight";
				LD_RUNPATH_SEARCH_PATHS = (
					"$(inherited)",
					"@executable_path/Frameworks",
				);
				MARKETING_VERSION = 1.0;
				PRODUCT_BUNDLE_IDENTIFIER = "com.nastia.Friends-QuizApp";
				PRODUCT_NAME = "$(TARGET_NAME)";
				SWIFT_EMIT_LOC_STRINGS = YES;
				SWIFT_VERSION = 5.0;
				TARGETED_DEVICE_FAMILY = "1,2";
			};
			name = Debug;
		};
		AB42750B28356B2400DA9033 /* Release */ = {
			isa = XCBuildConfiguration;
			baseConfigurationReference = 1179B7B2239B1A166E70E0BD /* Pods-Friends QuizApp.release.xcconfig */;
			buildSettings = {
				ASSETCATALOG_COMPILER_APPICON_NAME = AppIcon;
				ASSETCATALOG_COMPILER_GLOBAL_ACCENT_COLOR_NAME = AccentColor;
				CODE_SIGN_STYLE = Automatic;
				CURRENT_PROJECT_VERSION = 1;
				DEVELOPMENT_TEAM = CJ5XJV3C6G;
				GENERATE_INFOPLIST_FILE = YES;
				INFOPLIST_FILE = "Friends QuizApp/Info.plist";
				INFOPLIST_KEY_UIApplicationSupportsIndirectInputEvents = YES;
				INFOPLIST_KEY_UILaunchStoryboardName = LaunchScreen;
				INFOPLIST_KEY_UIMainStoryboardFile = Main;
				INFOPLIST_KEY_UISupportedInterfaceOrientations_iPad = "UIInterfaceOrientationPortrait UIInterfaceOrientationPortraitUpsideDown UIInterfaceOrientationLandscapeLeft UIInterfaceOrientationLandscapeRight";
				INFOPLIST_KEY_UISupportedInterfaceOrientations_iPhone = "UIInterfaceOrientationPortrait UIInterfaceOrientationLandscapeLeft UIInterfaceOrientationLandscapeRight";
				LD_RUNPATH_SEARCH_PATHS = (
					"$(inherited)",
					"@executable_path/Frameworks",
				);
				MARKETING_VERSION = 1.0;
				PRODUCT_BUNDLE_IDENTIFIER = "com.nastia.Friends-QuizApp";
				PRODUCT_NAME = "$(TARGET_NAME)";
				SWIFT_EMIT_LOC_STRINGS = YES;
				SWIFT_VERSION = 5.0;
				TARGETED_DEVICE_FAMILY = "1,2";
			};
			name = Release;
		};
/* End XCBuildConfiguration section */

/* Begin XCConfigurationList section */
		AB4274F028356B2000DA9033 /* Build configuration list for PBXProject "Friends QuizApp" */ = {
			isa = XCConfigurationList;
			buildConfigurations = (
				AB42750728356B2400DA9033 /* Debug */,
				AB42750828356B2400DA9033 /* Release */,
			);
			defaultConfigurationIsVisible = 0;
			defaultConfigurationName = Release;
		};
		AB42750928356B2400DA9033 /* Build configuration list for PBXNativeTarget "Friends QuizApp" */ = {
			isa = XCConfigurationList;
			buildConfigurations = (
				AB42750A28356B2400DA9033 /* Debug */,
				AB42750B28356B2400DA9033 /* Release */,
			);
			defaultConfigurationIsVisible = 0;
			defaultConfigurationName = Release;
		};
/* End XCConfigurationList section */
	};
	rootObject = AB4274ED28356B2000DA9033 /* Project object */;
}
